// !$*UTF8*$!
{
	archiveVersion = 1;
	classes = {
	};
	objectVersion = 54;
	objects = {

/* Begin PBXBuildFile section */
		370DFEC726E4B68E000F6A79 /* UserListCell.swift in Sources */ = {isa = PBXBuildFile; fileRef = 370DFEC526E4B68E000F6A79 /* UserListCell.swift */; };
		370DFEC826E4B68E000F6A79 /* UserListCell.xib in Resources */ = {isa = PBXBuildFile; fileRef = 370DFEC626E4B68E000F6A79 /* UserListCell.xib */; };
		370DFECA26E4BBDD000F6A79 /* Images.xcassets in Resources */ = {isa = PBXBuildFile; fileRef = 370DFEC926E4BBDD000F6A79 /* Images.xcassets */; };
		379E32F226E28CD000865D8F /* AppDelegate.swift in Sources */ = {isa = PBXBuildFile; fileRef = 379E32F126E28CD000865D8F /* AppDelegate.swift */; };
		379E32FB26E28CD400865D8F /* Assets.xcassets in Resources */ = {isa = PBXBuildFile; fileRef = 379E32FA26E28CD400865D8F /* Assets.xcassets */; };
		379E32FE26E28CD400865D8F /* LaunchScreen.storyboard in Resources */ = {isa = PBXBuildFile; fileRef = 379E32FC26E28CD400865D8F /* LaunchScreen.storyboard */; };
		379E330926E28CD400865D8F /* GitHubUserViewerTests.swift in Sources */ = {isa = PBXBuildFile; fileRef = 379E330826E28CD400865D8F /* GitHubUserViewerTests.swift */; };
		379E331426E28CD400865D8F /* GitHubUserViewerUITests.swift in Sources */ = {isa = PBXBuildFile; fileRef = 379E331326E28CD400865D8F /* GitHubUserViewerUITests.swift */; };
		379E332F26E385E400865D8F /* RootViewController.swift in Sources */ = {isa = PBXBuildFile; fileRef = 379E332E26E385E400865D8F /* RootViewController.swift */; };
		379E333826E38FD000865D8F /* Alamofire in Frameworks */ = {isa = PBXBuildFile; productRef = 379E333726E38FD000865D8F /* Alamofire */; };
		379E333B26E390A700865D8F /* Rswift in Frameworks */ = {isa = PBXBuildFile; productRef = 379E333A26E390A700865D8F /* Rswift */; };
		379E334326E39C5E00865D8F /* R.generated.swift in Sources */ = {isa = PBXBuildFile; fileRef = 379E334226E39C5E00865D8F /* R.generated.swift */; };
		379E334726E3ACD000865D8F /* User.swift in Sources */ = {isa = PBXBuildFile; fileRef = 379E334626E3ACD000865D8F /* User.swift */; };
		379E334A26E3B1E900865D8F /* API.swift in Sources */ = {isa = PBXBuildFile; fileRef = 379E334926E3B1E900865D8F /* API.swift */; };
		379E334C26E3D9DF00865D8F /* Request.swift in Sources */ = {isa = PBXBuildFile; fileRef = 379E334B26E3D9DF00865D8F /* Request.swift */; };
		379E334E26E3DA0600865D8F /* RequestHeader.swift in Sources */ = {isa = PBXBuildFile; fileRef = 379E334D26E3DA0600865D8F /* RequestHeader.swift */; };
		379E335126E3DA2C00865D8F /* UserListResponse.swift in Sources */ = {isa = PBXBuildFile; fileRef = 379E335026E3DA2C00865D8F /* UserListResponse.swift */; };
		379E335326E3DA4900865D8F /* UserListRequest.swift in Sources */ = {isa = PBXBuildFile; fileRef = 379E335226E3DA4900865D8F /* UserListRequest.swift */; };
		37B03BE126E4A4E200C03E1A /* UserListViewController.storyboard in Resources */ = {isa = PBXBuildFile; fileRef = 37B03BE026E4A4E200C03E1A /* UserListViewController.storyboard */; };
		37B03BE326E4A68C00C03E1A /* UserListViewController.swift in Sources */ = {isa = PBXBuildFile; fileRef = 37B03BE226E4A68C00C03E1A /* UserListViewController.swift */; };
/* End PBXBuildFile section */

/* Begin PBXContainerItemProxy section */
		379E330526E28CD400865D8F /* PBXContainerItemProxy */ = {
			isa = PBXContainerItemProxy;
			containerPortal = 379E32E626E28CD000865D8F /* Project object */;
			proxyType = 1;
			remoteGlobalIDString = 379E32ED26E28CD000865D8F;
			remoteInfo = GitHubUserViewer;
		};
		379E331026E28CD400865D8F /* PBXContainerItemProxy */ = {
			isa = PBXContainerItemProxy;
			containerPortal = 379E32E626E28CD000865D8F /* Project object */;
			proxyType = 1;
			remoteGlobalIDString = 379E32ED26E28CD000865D8F;
			remoteInfo = GitHubUserViewer;
		};
/* End PBXContainerItemProxy section */

/* Begin PBXFileReference section */
		370DFEC526E4B68E000F6A79 /* UserListCell.swift */ = {isa = PBXFileReference; lastKnownFileType = sourcecode.swift; path = UserListCell.swift; sourceTree = "<group>"; };
		370DFEC626E4B68E000F6A79 /* UserListCell.xib */ = {isa = PBXFileReference; lastKnownFileType = file.xib; path = UserListCell.xib; sourceTree = "<group>"; };
		370DFEC926E4BBDD000F6A79 /* Images.xcassets */ = {isa = PBXFileReference; lastKnownFileType = folder.assetcatalog; path = Images.xcassets; sourceTree = "<group>"; };
		379E32F126E28CD000865D8F /* AppDelegate.swift */ = {isa = PBXFileReference; lastKnownFileType = sourcecode.swift; path = AppDelegate.swift; sourceTree = "<group>"; };
		379E32FA26E28CD400865D8F /* Assets.xcassets */ = {isa = PBXFileReference; lastKnownFileType = folder.assetcatalog; path = Assets.xcassets; sourceTree = "<group>"; };
		379E32FD26E28CD400865D8F /* Base */ = {isa = PBXFileReference; lastKnownFileType = file.storyboard; name = Base; path = Base.lproj/LaunchScreen.storyboard; sourceTree = "<group>"; };
		379E32FF26E28CD400865D8F /* Info.plist */ = {isa = PBXFileReference; lastKnownFileType = text.plist.xml; path = Info.plist; sourceTree = "<group>"; };
		379E330826E28CD400865D8F /* GitHubUserViewerTests.swift */ = {isa = PBXFileReference; lastKnownFileType = sourcecode.swift; path = GitHubUserViewerTests.swift; sourceTree = "<group>"; };
		379E330A26E28CD400865D8F /* Info.plist */ = {isa = PBXFileReference; lastKnownFileType = text.plist.xml; path = Info.plist; sourceTree = "<group>"; };
		379E331326E28CD400865D8F /* GitHubUserViewerUITests.swift */ = {isa = PBXFileReference; lastKnownFileType = sourcecode.swift; path = GitHubUserViewerUITests.swift; sourceTree = "<group>"; };
		379E331526E28CD400865D8F /* Info.plist */ = {isa = PBXFileReference; lastKnownFileType = text.plist.xml; path = Info.plist; sourceTree = "<group>"; };
		379E332E26E385E400865D8F /* RootViewController.swift */ = {isa = PBXFileReference; lastKnownFileType = sourcecode.swift; path = RootViewController.swift; sourceTree = "<group>"; };
		379E334226E39C5E00865D8F /* R.generated.swift */ = {isa = PBXFileReference; fileEncoding = 4; lastKnownFileType = sourcecode.swift; path = R.generated.swift; sourceTree = SOURCE_ROOT; };
		379E334626E3ACD000865D8F /* User.swift */ = {isa = PBXFileReference; lastKnownFileType = sourcecode.swift; path = User.swift; sourceTree = "<group>"; };
		379E334926E3B1E900865D8F /* API.swift */ = {isa = PBXFileReference; lastKnownFileType = sourcecode.swift; path = API.swift; sourceTree = "<group>"; };
		379E334B26E3D9DF00865D8F /* Request.swift */ = {isa = PBXFileReference; lastKnownFileType = sourcecode.swift; path = Request.swift; sourceTree = "<group>"; };
		379E334D26E3DA0600865D8F /* RequestHeader.swift */ = {isa = PBXFileReference; lastKnownFileType = sourcecode.swift; path = RequestHeader.swift; sourceTree = "<group>"; };
		379E335026E3DA2C00865D8F /* UserListResponse.swift */ = {isa = PBXFileReference; lastKnownFileType = sourcecode.swift; path = UserListResponse.swift; sourceTree = "<group>"; };
		379E335226E3DA4900865D8F /* UserListRequest.swift */ = {isa = PBXFileReference; lastKnownFileType = sourcecode.swift; path = UserListRequest.swift; sourceTree = "<group>"; };
		37B03BDB26E4718800C03E1A /* GitHubUserViewer.app */ = {isa = PBXFileReference; explicitFileType = wrapper.application; includeInIndex = 0; path = GitHubUserViewer.app; sourceTree = BUILT_PRODUCTS_DIR; };
		37B03BDC26E4718800C03E1A /* GitHubUserViewerTests.xctest */ = {isa = PBXFileReference; explicitFileType = wrapper.cfbundle; includeInIndex = 0; path = GitHubUserViewerTests.xctest; sourceTree = BUILT_PRODUCTS_DIR; };
		37B03BDD26E4718800C03E1A /* GitHubUserViewerUITests.xctest */ = {isa = PBXFileReference; explicitFileType = wrapper.cfbundle; includeInIndex = 0; path = GitHubUserViewerUITests.xctest; sourceTree = BUILT_PRODUCTS_DIR; };
		37B03BDE26E471AF00C03E1A /* README.md */ = {isa = PBXFileReference; lastKnownFileType = net.daringfireball.markdown; path = README.md; sourceTree = "<group>"; };
		37B03BE026E4A4E200C03E1A /* UserListViewController.storyboard */ = {isa = PBXFileReference; lastKnownFileType = file.storyboard; path = UserListViewController.storyboard; sourceTree = "<group>"; };
		37B03BE226E4A68C00C03E1A /* UserListViewController.swift */ = {isa = PBXFileReference; lastKnownFileType = sourcecode.swift; path = UserListViewController.swift; sourceTree = "<group>"; };
/* End PBXFileReference section */

/* Begin PBXFrameworksBuildPhase section */
		379E32EB26E28CD000865D8F /* Frameworks */ = {
			isa = PBXFrameworksBuildPhase;
			buildActionMask = 2147483647;
			files = (
				379E333826E38FD000865D8F /* Alamofire in Frameworks */,
				379E333B26E390A700865D8F /* Rswift in Frameworks */,
			);
			runOnlyForDeploymentPostprocessing = 0;
		};
		379E330126E28CD400865D8F /* Frameworks */ = {
			isa = PBXFrameworksBuildPhase;
			buildActionMask = 2147483647;
			files = (
			);
			runOnlyForDeploymentPostprocessing = 0;
		};
		379E330C26E28CD400865D8F /* Frameworks */ = {
			isa = PBXFrameworksBuildPhase;
			buildActionMask = 2147483647;
			files = (
			);
			runOnlyForDeploymentPostprocessing = 0;
		};
/* End PBXFrameworksBuildPhase section */

/* Begin PBXGroup section */
		370DFEC326E4B62E000F6A79 /* Screen */ = {
			isa = PBXGroup;
			children = (
				379E332D26E385CB00865D8F /* Root */,
				37B03BDF26E4A4C200C03E1A /* UserList */,
			);
			path = Screen;
			sourceTree = "<group>";
		};
		370DFEC426E4B644000F6A79 /* View */ = {
			isa = PBXGroup;
			children = (
				370DFEC526E4B68E000F6A79 /* UserListCell.swift */,
				370DFEC626E4B68E000F6A79 /* UserListCell.xib */,
			);
			path = View;
			sourceTree = "<group>";
		};
		379E32E526E28CD000865D8F = {
			isa = PBXGroup;
			children = (
				37B03BDE26E471AF00C03E1A /* README.md */,
				379E32F026E28CD000865D8F /* GitHubUserViewer */,
				379E330726E28CD400865D8F /* GitHubUserViewerTests */,
				379E331226E28CD400865D8F /* GitHubUserViewerUITests */,
				37B03BDB26E4718800C03E1A /* GitHubUserViewer.app */,
				37B03BDC26E4718800C03E1A /* GitHubUserViewerTests.xctest */,
				37B03BDD26E4718800C03E1A /* GitHubUserViewerUITests.xctest */,
			);
			sourceTree = "<group>";
		};
		379E32F026E28CD000865D8F /* GitHubUserViewer */ = {
			isa = PBXGroup;
			children = (
				370DFEC326E4B62E000F6A79 /* Screen */,
				379E334826E3B10100865D8F /* API */,
				379E334526E39F6B00865D8F /* Model */,
				379E32F126E28CD000865D8F /* AppDelegate.swift */,
				379E32FA26E28CD400865D8F /* Assets.xcassets */,
				379E32FC26E28CD400865D8F /* LaunchScreen.storyboard */,
				379E32FF26E28CD400865D8F /* Info.plist */,
				379E334226E39C5E00865D8F /* R.generated.swift */,
				370DFEC926E4BBDD000F6A79 /* Images.xcassets */,
			);
			path = GitHubUserViewer;
			sourceTree = "<group>";
		};
		379E330726E28CD400865D8F /* GitHubUserViewerTests */ = {
			isa = PBXGroup;
			children = (
				379E330826E28CD400865D8F /* GitHubUserViewerTests.swift */,
				379E330A26E28CD400865D8F /* Info.plist */,
			);
			path = GitHubUserViewerTests;
			sourceTree = "<group>";
		};
		379E331226E28CD400865D8F /* GitHubUserViewerUITests */ = {
			isa = PBXGroup;
			children = (
				379E331326E28CD400865D8F /* GitHubUserViewerUITests.swift */,
				379E331526E28CD400865D8F /* Info.plist */,
			);
			path = GitHubUserViewerUITests;
			sourceTree = "<group>";
		};
		379E332D26E385CB00865D8F /* Root */ = {
			isa = PBXGroup;
			children = (
				379E332E26E385E400865D8F /* RootViewController.swift */,
			);
			path = Root;
			sourceTree = "<group>";
		};
		379E334526E39F6B00865D8F /* Model */ = {
			isa = PBXGroup;
			children = (
				379E334626E3ACD000865D8F /* User.swift */,
			);
			path = Model;
			sourceTree = "<group>";
		};
		379E334826E3B10100865D8F /* API */ = {
			isa = PBXGroup;
			children = (
				379E334F26E3DA1C00865D8F /* UserList */,
				379E334926E3B1E900865D8F /* API.swift */,
				379E334B26E3D9DF00865D8F /* Request.swift */,
				379E334D26E3DA0600865D8F /* RequestHeader.swift */,
			);
			path = API;
			sourceTree = "<group>";
		};
		379E334F26E3DA1C00865D8F /* UserList */ = {
			isa = PBXGroup;
			children = (
				379E335026E3DA2C00865D8F /* UserListResponse.swift */,
				379E335226E3DA4900865D8F /* UserListRequest.swift */,
			);
			path = UserList;
			sourceTree = "<group>";
		};
		37B03BDF26E4A4C200C03E1A /* UserList */ = {
			isa = PBXGroup;
			children = (
				370DFEC426E4B644000F6A79 /* View */,
				37B03BE226E4A68C00C03E1A /* UserListViewController.swift */,
				37B03BE026E4A4E200C03E1A /* UserListViewController.storyboard */,
			);
			path = UserList;
			sourceTree = "<group>";
		};
/* End PBXGroup section */

/* Begin PBXNativeTarget section */
		379E32ED26E28CD000865D8F /* GitHubUserViewer */ = {
			isa = PBXNativeTarget;
			buildConfigurationList = 379E331826E28CD400865D8F /* Build configuration list for PBXNativeTarget "GitHubUserViewer" */;
			buildPhases = (
				379E333C26E3952800865D8F /* ShellScript */,
				379E32EA26E28CD000865D8F /* Sources */,
				379E32EB26E28CD000865D8F /* Frameworks */,
				379E32EC26E28CD000865D8F /* Resources */,
			);
			buildRules = (
			);
			dependencies = (
			);
			name = GitHubUserViewer;
			packageProductDependencies = (
				379E333726E38FD000865D8F /* Alamofire */,
				379E333A26E390A700865D8F /* Rswift */,
			);
			productName = GitHubUserViewer;
			productReference = 37B03BDB26E4718800C03E1A /* GitHubUserViewer.app */;
			productType = "com.apple.product-type.application";
		};
		379E330326E28CD400865D8F /* GitHubUserViewerTests */ = {
			isa = PBXNativeTarget;
			buildConfigurationList = 379E331B26E28CD400865D8F /* Build configuration list for PBXNativeTarget "GitHubUserViewerTests" */;
			buildPhases = (
				379E330026E28CD400865D8F /* Sources */,
				379E330126E28CD400865D8F /* Frameworks */,
				379E330226E28CD400865D8F /* Resources */,
			);
			buildRules = (
			);
			dependencies = (
				379E330626E28CD400865D8F /* PBXTargetDependency */,
			);
			name = GitHubUserViewerTests;
			productName = GitHubUserViewerTests;
			productReference = 37B03BDC26E4718800C03E1A /* GitHubUserViewerTests.xctest */;
			productType = "com.apple.product-type.bundle.unit-test";
		};
		379E330E26E28CD400865D8F /* GitHubUserViewerUITests */ = {
			isa = PBXNativeTarget;
			buildConfigurationList = 379E331E26E28CD400865D8F /* Build configuration list for PBXNativeTarget "GitHubUserViewerUITests" */;
			buildPhases = (
				379E330B26E28CD400865D8F /* Sources */,
				379E330C26E28CD400865D8F /* Frameworks */,
				379E330D26E28CD400865D8F /* Resources */,
			);
			buildRules = (
			);
			dependencies = (
				379E331126E28CD400865D8F /* PBXTargetDependency */,
			);
			name = GitHubUserViewerUITests;
			productName = GitHubUserViewerUITests;
			productReference = 37B03BDD26E4718800C03E1A /* GitHubUserViewerUITests.xctest */;
			productType = "com.apple.product-type.bundle.ui-testing";
		};
/* End PBXNativeTarget section */

/* Begin PBXProject section */
		379E32E626E28CD000865D8F /* Project object */ = {
			isa = PBXProject;
			attributes = {
				LastSwiftUpdateCheck = 1250;
				LastUpgradeCheck = 1250;
				TargetAttributes = {
					379E32ED26E28CD000865D8F = {
						CreatedOnToolsVersion = 12.5.1;
					};
					379E330326E28CD400865D8F = {
						CreatedOnToolsVersion = 12.5.1;
						TestTargetID = 379E32ED26E28CD000865D8F;
					};
					379E330E26E28CD400865D8F = {
						CreatedOnToolsVersion = 12.5.1;
						TestTargetID = 379E32ED26E28CD000865D8F;
					};
				};
			};
			buildConfigurationList = 379E32E926E28CD000865D8F /* Build configuration list for PBXProject "GitHubUserViewer" */;
			compatibilityVersion = "Xcode 9.3";
			developmentRegion = en;
			hasScannedForEncodings = 0;
			knownRegions = (
				en,
				Base,
			);
			mainGroup = 379E32E526E28CD000865D8F;
			packageReferences = (
				379E333626E38FD000865D8F /* XCRemoteSwiftPackageReference "Alamofire" */,
				379E333926E390A700865D8F /* XCRemoteSwiftPackageReference "R.swift" */,
			);
			productRefGroup = 379E32E526E28CD000865D8F;
			projectDirPath = "";
			projectRoot = "";
			targets = (
				379E32ED26E28CD000865D8F /* GitHubUserViewer */,
				379E330326E28CD400865D8F /* GitHubUserViewerTests */,
				379E330E26E28CD400865D8F /* GitHubUserViewerUITests */,
			);
		};
/* End PBXProject section */

/* Begin PBXResourcesBuildPhase section */
		379E32EC26E28CD000865D8F /* Resources */ = {
			isa = PBXResourcesBuildPhase;
			buildActionMask = 2147483647;
			files = (
				370DFEC826E4B68E000F6A79 /* UserListCell.xib in Resources */,
				370DFECA26E4BBDD000F6A79 /* Images.xcassets in Resources */,
				379E32FE26E28CD400865D8F /* LaunchScreen.storyboard in Resources */,
				37B03BE126E4A4E200C03E1A /* UserListViewController.storyboard in Resources */,
				379E32FB26E28CD400865D8F /* Assets.xcassets in Resources */,
			);
			runOnlyForDeploymentPostprocessing = 0;
		};
		379E330226E28CD400865D8F /* Resources */ = {
			isa = PBXResourcesBuildPhase;
			buildActionMask = 2147483647;
			files = (
			);
			runOnlyForDeploymentPostprocessing = 0;
		};
		379E330D26E28CD400865D8F /* Resources */ = {
			isa = PBXResourcesBuildPhase;
			buildActionMask = 2147483647;
			files = (
			);
			runOnlyForDeploymentPostprocessing = 0;
		};
/* End PBXResourcesBuildPhase section */

/* Begin PBXShellScriptBuildPhase section */
		379E333C26E3952800865D8F /* ShellScript */ = {
			isa = PBXShellScriptBuildPhase;
			alwaysOutOfDate = 1;
			buildActionMask = 2147483647;
			files = (
			);
			inputFileListPaths = (
			);
			inputPaths = (
				"$TEMP_DIR/rswift-lastrun",
			);
			outputFileListPaths = (
			);
			outputPaths = (
				$SRCROOT/R.generated.swift,
			);
			runOnlyForDeploymentPostprocessing = 0;
			shellPath = /bin/sh;
			shellScript = "if which rswift >/dev/null; then\nrswift generate \"$SRCROOT/R.generated.swift\"\nelse\necho \"warning: rswift not installed\"\nfi\n";
		};
/* End PBXShellScriptBuildPhase section */

/* Begin PBXSourcesBuildPhase section */
		379E32EA26E28CD000865D8F /* Sources */ = {
			isa = PBXSourcesBuildPhase;
			buildActionMask = 2147483647;
			files = (
				379E334726E3ACD000865D8F /* User.swift in Sources */,
				379E334C26E3D9DF00865D8F /* Request.swift in Sources */,
				379E332F26E385E400865D8F /* RootViewController.swift in Sources */,
				379E335126E3DA2C00865D8F /* UserListResponse.swift in Sources */,
				379E334E26E3DA0600865D8F /* RequestHeader.swift in Sources */,
				37B03BE326E4A68C00C03E1A /* UserListViewController.swift in Sources */,
				379E32F226E28CD000865D8F /* AppDelegate.swift in Sources */,
				370DFEC726E4B68E000F6A79 /* UserListCell.swift in Sources */,
				379E335326E3DA4900865D8F /* UserListRequest.swift in Sources */,
				379E334326E39C5E00865D8F /* R.generated.swift in Sources */,
				379E334A26E3B1E900865D8F /* API.swift in Sources */,
			);
			runOnlyForDeploymentPostprocessing = 0;
		};
		379E330026E28CD400865D8F /* Sources */ = {
			isa = PBXSourcesBuildPhase;
			buildActionMask = 2147483647;
			files = (
				379E330926E28CD400865D8F /* GitHubUserViewerTests.swift in Sources */,
			);
			runOnlyForDeploymentPostprocessing = 0;
		};
		379E330B26E28CD400865D8F /* Sources */ = {
			isa = PBXSourcesBuildPhase;
			buildActionMask = 2147483647;
			files = (
				379E331426E28CD400865D8F /* GitHubUserViewerUITests.swift in Sources */,
			);
			runOnlyForDeploymentPostprocessing = 0;
		};
/* End PBXSourcesBuildPhase section */

/* Begin PBXTargetDependency section */
		379E330626E28CD400865D8F /* PBXTargetDependency */ = {
			isa = PBXTargetDependency;
			target = 379E32ED26E28CD000865D8F /* GitHubUserViewer */;
			targetProxy = 379E330526E28CD400865D8F /* PBXContainerItemProxy */;
		};
		379E331126E28CD400865D8F /* PBXTargetDependency */ = {
			isa = PBXTargetDependency;
			target = 379E32ED26E28CD000865D8F /* GitHubUserViewer */;
			targetProxy = 379E331026E28CD400865D8F /* PBXContainerItemProxy */;
		};
/* End PBXTargetDependency section */

/* Begin PBXVariantGroup section */
		379E32FC26E28CD400865D8F /* LaunchScreen.storyboard */ = {
			isa = PBXVariantGroup;
			children = (
				379E32FD26E28CD400865D8F /* Base */,
			);
			name = LaunchScreen.storyboard;
			sourceTree = "<group>";
		};
/* End PBXVariantGroup section */

/* Begin XCBuildConfiguration section */
		379E331626E28CD400865D8F /* Debug */ = {
			isa = XCBuildConfiguration;
			buildSettings = {
				ALWAYS_SEARCH_USER_PATHS = NO;
				CLANG_ANALYZER_NONNULL = YES;
				CLANG_ANALYZER_NUMBER_OBJECT_CONVERSION = YES_AGGRESSIVE;
				CLANG_CXX_LANGUAGE_STANDARD = "gnu++14";
				CLANG_CXX_LIBRARY = "libc++";
				CLANG_ENABLE_MODULES = YES;
				CLANG_ENABLE_OBJC_ARC = YES;
				CLANG_ENABLE_OBJC_WEAK = YES;
				CLANG_WARN_BLOCK_CAPTURE_AUTORELEASING = YES;
				CLANG_WARN_BOOL_CONVERSION = YES;
				CLANG_WARN_COMMA = YES;
				CLANG_WARN_CONSTANT_CONVERSION = YES;
				CLANG_WARN_DEPRECATED_OBJC_IMPLEMENTATIONS = YES;
				CLANG_WARN_DIRECT_OBJC_ISA_USAGE = YES_ERROR;
				CLANG_WARN_DOCUMENTATION_COMMENTS = YES;
				CLANG_WARN_EMPTY_BODY = YES;
				CLANG_WARN_ENUM_CONVERSION = YES;
				CLANG_WARN_INFINITE_RECURSION = YES;
				CLANG_WARN_INT_CONVERSION = YES;
				CLANG_WARN_NON_LITERAL_NULL_CONVERSION = YES;
				CLANG_WARN_OBJC_IMPLICIT_RETAIN_SELF = YES;
				CLANG_WARN_OBJC_LITERAL_CONVERSION = YES;
				CLANG_WARN_OBJC_ROOT_CLASS = YES_ERROR;
				CLANG_WARN_QUOTED_INCLUDE_IN_FRAMEWORK_HEADER = YES;
				CLANG_WARN_RANGE_LOOP_ANALYSIS = YES;
				CLANG_WARN_STRICT_PROTOTYPES = YES;
				CLANG_WARN_SUSPICIOUS_MOVE = YES;
				CLANG_WARN_UNGUARDED_AVAILABILITY = YES_AGGRESSIVE;
				CLANG_WARN_UNREACHABLE_CODE = YES;
				CLANG_WARN__DUPLICATE_METHOD_MATCH = YES;
				COPY_PHASE_STRIP = NO;
				DEBUG_INFORMATION_FORMAT = dwarf;
				ENABLE_STRICT_OBJC_MSGSEND = YES;
				ENABLE_TESTABILITY = YES;
				GCC_C_LANGUAGE_STANDARD = gnu11;
				GCC_DYNAMIC_NO_PIC = NO;
				GCC_NO_COMMON_BLOCKS = YES;
				GCC_OPTIMIZATION_LEVEL = 0;
				GCC_PREPROCESSOR_DEFINITIONS = (
					"DEBUG=1",
					"$(inherited)",
				);
				GCC_WARN_64_TO_32_BIT_CONVERSION = YES;
				GCC_WARN_ABOUT_RETURN_TYPE = YES_ERROR;
				GCC_WARN_UNDECLARED_SELECTOR = YES;
				GCC_WARN_UNINITIALIZED_AUTOS = YES_AGGRESSIVE;
				GCC_WARN_UNUSED_FUNCTION = YES;
				GCC_WARN_UNUSED_VARIABLE = YES;
				IPHONEOS_DEPLOYMENT_TARGET = 11.0;
				MTL_ENABLE_DEBUG_INFO = INCLUDE_SOURCE;
				MTL_FAST_MATH = YES;
				ONLY_ACTIVE_ARCH = YES;
				SDKROOT = iphoneos;
				SWIFT_ACTIVE_COMPILATION_CONDITIONS = DEBUG;
				SWIFT_OPTIMIZATION_LEVEL = "-Onone";
			};
			name = Debug;
		};
		379E331726E28CD400865D8F /* Release */ = {
			isa = XCBuildConfiguration;
			buildSettings = {
				ALWAYS_SEARCH_USER_PATHS = NO;
				CLANG_ANALYZER_NONNULL = YES;
				CLANG_ANALYZER_NUMBER_OBJECT_CONVERSION = YES_AGGRESSIVE;
				CLANG_CXX_LANGUAGE_STANDARD = "gnu++14";
				CLANG_CXX_LIBRARY = "libc++";
				CLANG_ENABLE_MODULES = YES;
				CLANG_ENABLE_OBJC_ARC = YES;
				CLANG_ENABLE_OBJC_WEAK = YES;
				CLANG_WARN_BLOCK_CAPTURE_AUTORELEASING = YES;
				CLANG_WARN_BOOL_CONVERSION = YES;
				CLANG_WARN_COMMA = YES;
				CLANG_WARN_CONSTANT_CONVERSION = YES;
				CLANG_WARN_DEPRECATED_OBJC_IMPLEMENTATIONS = YES;
				CLANG_WARN_DIRECT_OBJC_ISA_USAGE = YES_ERROR;
				CLANG_WARN_DOCUMENTATION_COMMENTS = YES;
				CLANG_WARN_EMPTY_BODY = YES;
				CLANG_WARN_ENUM_CONVERSION = YES;
				CLANG_WARN_INFINITE_RECURSION = YES;
				CLANG_WARN_INT_CONVERSION = YES;
				CLANG_WARN_NON_LITERAL_NULL_CONVERSION = YES;
				CLANG_WARN_OBJC_IMPLICIT_RETAIN_SELF = YES;
				CLANG_WARN_OBJC_LITERAL_CONVERSION = YES;
				CLANG_WARN_OBJC_ROOT_CLASS = YES_ERROR;
				CLANG_WARN_QUOTED_INCLUDE_IN_FRAMEWORK_HEADER = YES;
				CLANG_WARN_RANGE_LOOP_ANALYSIS = YES;
				CLANG_WARN_STRICT_PROTOTYPES = YES;
				CLANG_WARN_SUSPICIOUS_MOVE = YES;
				CLANG_WARN_UNGUARDED_AVAILABILITY = YES_AGGRESSIVE;
				CLANG_WARN_UNREACHABLE_CODE = YES;
				CLANG_WARN__DUPLICATE_METHOD_MATCH = YES;
				COPY_PHASE_STRIP = NO;
				DEBUG_INFORMATION_FORMAT = "dwarf-with-dsym";
				ENABLE_NS_ASSERTIONS = NO;
				ENABLE_STRICT_OBJC_MSGSEND = YES;
				GCC_C_LANGUAGE_STANDARD = gnu11;
				GCC_NO_COMMON_BLOCKS = YES;
				GCC_WARN_64_TO_32_BIT_CONVERSION = YES;
				GCC_WARN_ABOUT_RETURN_TYPE = YES_ERROR;
				GCC_WARN_UNDECLARED_SELECTOR = YES;
				GCC_WARN_UNINITIALIZED_AUTOS = YES_AGGRESSIVE;
				GCC_WARN_UNUSED_FUNCTION = YES;
				GCC_WARN_UNUSED_VARIABLE = YES;
				IPHONEOS_DEPLOYMENT_TARGET = 11.0;
				MTL_ENABLE_DEBUG_INFO = NO;
				MTL_FAST_MATH = YES;
				SDKROOT = iphoneos;
				SWIFT_COMPILATION_MODE = wholemodule;
				SWIFT_OPTIMIZATION_LEVEL = "-O";
				VALIDATE_PRODUCT = YES;
			};
			name = Release;
		};
		379E331926E28CD400865D8F /* Debug */ = {
			isa = XCBuildConfiguration;
			buildSettings = {
				ASSETCATALOG_COMPILER_APPICON_NAME = AppIcon;
				ASSETCATALOG_COMPILER_GLOBAL_ACCENT_COLOR_NAME = AccentColor;
				CODE_SIGN_STYLE = Automatic;
				DEVELOPMENT_TEAM = LXG8749KDJ;
				INFOPLIST_FILE = GitHubUserViewer/Info.plist;
				LD_RUNPATH_SEARCH_PATHS = (
					"$(inherited)",
					"@executable_path/Frameworks",
				);
				PRODUCT_BUNDLE_IDENTIFIER = Reeem.GitHubUserViewer;
				PRODUCT_NAME = "$(TARGET_NAME)";
				SWIFT_VERSION = 5.0;
				TARGETED_DEVICE_FAMILY = "1,2";
			};
			name = Debug;
		};
		379E331A26E28CD400865D8F /* Release */ = {
			isa = XCBuildConfiguration;
			buildSettings = {
				ASSETCATALOG_COMPILER_APPICON_NAME = AppIcon;
				ASSETCATALOG_COMPILER_GLOBAL_ACCENT_COLOR_NAME = AccentColor;
				CODE_SIGN_STYLE = Automatic;
				DEVELOPMENT_TEAM = LXG8749KDJ;
				INFOPLIST_FILE = GitHubUserViewer/Info.plist;
				LD_RUNPATH_SEARCH_PATHS = (
					"$(inherited)",
					"@executable_path/Frameworks",
				);
				PRODUCT_BUNDLE_IDENTIFIER = Reeem.GitHubUserViewer;
				PRODUCT_NAME = "$(TARGET_NAME)";
				SWIFT_VERSION = 5.0;
				TARGETED_DEVICE_FAMILY = "1,2";
			};
			name = Release;
		};
		379E331C26E28CD400865D8F /* Debug */ = {
			isa = XCBuildConfiguration;
			buildSettings = {
				ALWAYS_EMBED_SWIFT_STANDARD_LIBRARIES = YES;
				BUNDLE_LOADER = "$(TEST_HOST)";
				CODE_SIGN_STYLE = Automatic;
				DEVELOPMENT_TEAM = LXG8749KDJ;
				INFOPLIST_FILE = GitHubUserViewerTests/Info.plist;
				IPHONEOS_DEPLOYMENT_TARGET = 14.5;
				LD_RUNPATH_SEARCH_PATHS = (
					"$(inherited)",
					"@executable_path/Frameworks",
					"@loader_path/Frameworks",
				);
				PRODUCT_BUNDLE_IDENTIFIER = Reeem.GitHubUserViewerTests;
				PRODUCT_NAME = "$(TARGET_NAME)";
				SWIFT_VERSION = 5.0;
				TARGETED_DEVICE_FAMILY = "1,2";
				TEST_HOST = "$(BUILT_PRODUCTS_DIR)/GitHubUserViewer.app/GitHubUserViewer";
			};
			name = Debug;
		};
		379E331D26E28CD400865D8F /* Release */ = {
			isa = XCBuildConfiguration;
			buildSettings = {
				ALWAYS_EMBED_SWIFT_STANDARD_LIBRARIES = YES;
				BUNDLE_LOADER = "$(TEST_HOST)";
				CODE_SIGN_STYLE = Automatic;
				DEVELOPMENT_TEAM = LXG8749KDJ;
				INFOPLIST_FILE = GitHubUserViewerTests/Info.plist;
				IPHONEOS_DEPLOYMENT_TARGET = 14.5;
				LD_RUNPATH_SEARCH_PATHS = (
					"$(inherited)",
					"@executable_path/Frameworks",
					"@loader_path/Frameworks",
				);
				PRODUCT_BUNDLE_IDENTIFIER = Reeem.GitHubUserViewerTests;
				PRODUCT_NAME = "$(TARGET_NAME)";
				SWIFT_VERSION = 5.0;
				TARGETED_DEVICE_FAMILY = "1,2";
				TEST_HOST = "$(BUILT_PRODUCTS_DIR)/GitHubUserViewer.app/GitHubUserViewer";
			};
			name = Release;
		};
		379E331F26E28CD400865D8F /* Debug */ = {
			isa = XCBuildConfiguration;
			buildSettings = {
				ALWAYS_EMBED_SWIFT_STANDARD_LIBRARIES = YES;
				CODE_SIGN_STYLE = Automatic;
				DEVELOPMENT_TEAM = LXG8749KDJ;
				INFOPLIST_FILE = GitHubUserViewerUITests/Info.plist;
				LD_RUNPATH_SEARCH_PATHS = (
					"$(inherited)",
					"@executable_path/Frameworks",
					"@loader_path/Frameworks",
				);
				PRODUCT_BUNDLE_IDENTIFIER = Reeem.GitHubUserViewerUITests;
				PRODUCT_NAME = "$(TARGET_NAME)";
				SWIFT_VERSION = 5.0;
				TARGETED_DEVICE_FAMILY = "1,2";
				TEST_TARGET_NAME = GitHubUserViewer;
			};
			name = Debug;
		};
		379E332026E28CD400865D8F /* Release */ = {
			isa = XCBuildConfiguration;
			buildSettings = {
				ALWAYS_EMBED_SWIFT_STANDARD_LIBRARIES = YES;
				CODE_SIGN_STYLE = Automatic;
				DEVELOPMENT_TEAM = LXG8749KDJ;
				INFOPLIST_FILE = GitHubUserViewerUITests/Info.plist;
				LD_RUNPATH_SEARCH_PATHS = (
					"$(inherited)",
					"@executable_path/Frameworks",
					"@loader_path/Frameworks",
				);
				PRODUCT_BUNDLE_IDENTIFIER = Reeem.GitHubUserViewerUITests;
				PRODUCT_NAME = "$(TARGET_NAME)";
				SWIFT_VERSION = 5.0;
				TARGETED_DEVICE_FAMILY = "1,2";
				TEST_TARGET_NAME = GitHubUserViewer;
			};
			name = Release;
		};
/* End XCBuildConfiguration section */

/* Begin XCConfigurationList section */
		379E32E926E28CD000865D8F /* Build configuration list for PBXProject "GitHubUserViewer" */ = {
			isa = XCConfigurationList;
			buildConfigurations = (
				379E331626E28CD400865D8F /* Debug */,
				379E331726E28CD400865D8F /* Release */,
			);
			defaultConfigurationIsVisible = 0;
			defaultConfigurationName = Release;
		};
		379E331826E28CD400865D8F /* Build configuration list for PBXNativeTarget "GitHubUserViewer" */ = {
			isa = XCConfigurationList;
			buildConfigurations = (
				379E331926E28CD400865D8F /* Debug */,
				379E331A26E28CD400865D8F /* Release */,
			);
			defaultConfigurationIsVisible = 0;
			defaultConfigurationName = Release;
		};
		379E331B26E28CD400865D8F /* Build configuration list for PBXNativeTarget "GitHubUserViewerTests" */ = {
			isa = XCConfigurationList;
			buildConfigurations = (
				379E331C26E28CD400865D8F /* Debug */,
				379E331D26E28CD400865D8F /* Release */,
			);
			defaultConfigurationIsVisible = 0;
			defaultConfigurationName = Release;
		};
		379E331E26E28CD400865D8F /* Build configuration list for PBXNativeTarget "GitHubUserViewerUITests" */ = {
			isa = XCConfigurationList;
			buildConfigurations = (
				379E331F26E28CD400865D8F /* Debug */,
				379E332026E28CD400865D8F /* Release */,
			);
			defaultConfigurationIsVisible = 0;
			defaultConfigurationName = Release;
		};
/* End XCConfigurationList section */

/* Begin XCRemoteSwiftPackageReference section */
		379E333626E38FD000865D8F /* XCRemoteSwiftPackageReference "Alamofire" */ = {
			isa = XCRemoteSwiftPackageReference;
			repositoryURL = "https://github.com/Alamofire/Alamofire";
			requirement = {
				kind = upToNextMajorVersion;
				minimumVersion = 5.4.3;
			};
		};
		379E333926E390A700865D8F /* XCRemoteSwiftPackageReference "R.swift" */ = {
			isa = XCRemoteSwiftPackageReference;
			repositoryURL = "https://github.com/mac-cain13/R.swift.Library";
			requirement = {
				kind = upToNextMajorVersion;
				minimumVersion = 5.4.0;
			};
		};
/* End XCRemoteSwiftPackageReference section */

/* Begin XCSwiftPackageProductDependency section */
		379E333726E38FD000865D8F /* Alamofire */ = {
			isa = XCSwiftPackageProductDependency;
			package = 379E333626E38FD000865D8F /* XCRemoteSwiftPackageReference "Alamofire" */;
			productName = Alamofire;
		};
		379E333A26E390A700865D8F /* Rswift */ = {
			isa = XCSwiftPackageProductDependency;
			package = 379E333926E390A700865D8F /* XCRemoteSwiftPackageReference "R.swift" */;
			productName = Rswift;
		};
/* End XCSwiftPackageProductDependency section */
	};
	rootObject = 379E32E626E28CD000865D8F /* Project object */;
}
